// !$*UTF8*$!
{
	archiveVersion = 1;
	classes = {
	};
	objectVersion = 56;
	objects = {

/* Begin PBXBuildFile section */
		6C0FEC632E0C22E8000FC719 /* CardView.swift in Sources */ = {isa = PBXBuildFile; fileRef = 6C0FEC622E0C22E8000FC719 /* CardView.swift */; };
		6C0FEC642E0C22E8000FC719 /* CardView.swift in Sources */ = {isa = PBXBuildFile; fileRef = 6C0FEC622E0C22E8000FC719 /* CardView.swift */; };
		6C0FEC652E0C22E8000FC719 /* CardView.swift in Sources */ = {isa = PBXBuildFile; fileRef = 6C0FEC622E0C22E8000FC719 /* CardView.swift */; };
		6C47C24F2E0AC14E004FB651 /* AspectVGrig.swift in Sources */ = {isa = PBXBuildFile; fileRef = 6C47C24E2E0AC14E004FB651 /* AspectVGrig.swift */; };
		6C47C2502E0AC14E004FB651 /* AspectVGrig.swift in Sources */ = {isa = PBXBuildFile; fileRef = 6C47C24E2E0AC14E004FB651 /* AspectVGrig.swift */; };
		6C47C2512E0AC14E004FB651 /* AspectVGrig.swift in Sources */ = {isa = PBXBuildFile; fileRef = 6C47C24E2E0AC14E004FB651 /* AspectVGrig.swift */; };
		6C4DD5F12C9A02CD004BB07E /* MemorizeApp.swift in Sources */ = {isa = PBXBuildFile; fileRef = 6C4DD5F02C9A02CD004BB07E /* MemorizeApp.swift */; };
		6C4DD5F32C9A02CD004BB07E /* EmojiMemoryGameView.swift in Sources */ = {isa = PBXBuildFile; fileRef = 6C4DD5F22C9A02CD004BB07E /* EmojiMemoryGameView.swift */; };
		6C4DD5F52C9A02CE004BB07E /* Assets.xcassets in Resources */ = {isa = PBXBuildFile; fileRef = 6C4DD5F42C9A02CE004BB07E /* Assets.xcassets */; };
		6C4DD5F82C9A02CE004BB07E /* Preview Assets.xcassets in Resources */ = {isa = PBXBuildFile; fileRef = 6C4DD5F72C9A02CE004BB07E /* Preview Assets.xcassets */; };
		6C4DD6022C9A02CE004BB07E /* MemorizeTests.swift in Sources */ = {isa = PBXBuildFile; fileRef = 6C4DD6012C9A02CE004BB07E /* MemorizeTests.swift */; };
		6C4DD60C2C9A02CE004BB07E /* MemorizeUITests.swift in Sources */ = {isa = PBXBuildFile; fileRef = 6C4DD60B2C9A02CE004BB07E /* MemorizeUITests.swift */; };
		6C4DD60E2C9A02CE004BB07E /* MemorizeUITestsLaunchTests.swift in Sources */ = {isa = PBXBuildFile; fileRef = 6C4DD60D2C9A02CE004BB07E /* MemorizeUITestsLaunchTests.swift */; };
		6C6280372E008D1400E2CECF /* MemoryGame.swift in Sources */ = {isa = PBXBuildFile; fileRef = 6C6280362E008D1400E2CECF /* MemoryGame.swift */; };
		6C6280382E008D1400E2CECF /* MemoryGame.swift in Sources */ = {isa = PBXBuildFile; fileRef = 6C6280362E008D1400E2CECF /* MemoryGame.swift */; };
		6C6280392E008D1400E2CECF /* MemoryGame.swift in Sources */ = {isa = PBXBuildFile; fileRef = 6C6280362E008D1400E2CECF /* MemoryGame.swift */; };
		6C62803B2E008FE500E2CECF /* EmojiMemoryGame.swift in Sources */ = {isa = PBXBuildFile; fileRef = 6C62803A2E008FE500E2CECF /* EmojiMemoryGame.swift */; };
		6C62803C2E008FE500E2CECF /* EmojiMemoryGame.swift in Sources */ = {isa = PBXBuildFile; fileRef = 6C62803A2E008FE500E2CECF /* EmojiMemoryGame.swift */; };
		6C62803D2E008FE500E2CECF /* EmojiMemoryGame.swift in Sources */ = {isa = PBXBuildFile; fileRef = 6C62803A2E008FE500E2CECF /* EmojiMemoryGame.swift */; };
/* End PBXBuildFile section */

/* Begin PBXContainerItemProxy section */
		6C4DD5FE2C9A02CE004BB07E /* PBXContainerItemProxy */ = {
			isa = PBXContainerItemProxy;
			containerPortal = 6C4DD5E52C9A02CD004BB07E /* Project object */;
			proxyType = 1;
			remoteGlobalIDString = 6C4DD5EC2C9A02CD004BB07E;
			remoteInfo = Memorize;
		};
		6C4DD6082C9A02CE004BB07E /* PBXContainerItemProxy */ = {
			isa = PBXContainerItemProxy;
			containerPortal = 6C4DD5E52C9A02CD004BB07E /* Project object */;
			proxyType = 1;
			remoteGlobalIDString = 6C4DD5EC2C9A02CD004BB07E;
			remoteInfo = Memorize;
		};
/* End PBXContainerItemProxy section */

/* Begin PBXFileReference section */
		6C0FEC622E0C22E8000FC719 /* CardView.swift */ = {isa = PBXFileReference; lastKnownFileType = sourcecode.swift; path = CardView.swift; sourceTree = "<group>"; };
		6C47C24E2E0AC14E004FB651 /* AspectVGrig.swift */ = {isa = PBXFileReference; lastKnownFileType = sourcecode.swift; path = AspectVGrig.swift; sourceTree = "<group>"; };
		6C4DD5ED2C9A02CD004BB07E /* Memorize.app */ = {isa = PBXFileReference; explicitFileType = wrapper.application; includeInIndex = 0; path = Memorize.app; sourceTree = BUILT_PRODUCTS_DIR; };
		6C4DD5F02C9A02CD004BB07E /* MemorizeApp.swift */ = {isa = PBXFileReference; lastKnownFileType = sourcecode.swift; path = MemorizeApp.swift; sourceTree = "<group>"; };
		6C4DD5F22C9A02CD004BB07E /* EmojiMemoryGameView.swift */ = {isa = PBXFileReference; lastKnownFileType = sourcecode.swift; path = EmojiMemoryGameView.swift; sourceTree = "<group>"; };
		6C4DD5F42C9A02CE004BB07E /* Assets.xcassets */ = {isa = PBXFileReference; lastKnownFileType = folder.assetcatalog; path = Assets.xcassets; sourceTree = "<group>"; };
		6C4DD5F72C9A02CE004BB07E /* Preview Assets.xcassets */ = {isa = PBXFileReference; lastKnownFileType = folder.assetcatalog; path = "Preview Assets.xcassets"; sourceTree = "<group>"; };
		6C4DD5FD2C9A02CE004BB07E /* MemorizeTests.xctest */ = {isa = PBXFileReference; explicitFileType = wrapper.cfbundle; includeInIndex = 0; path = MemorizeTests.xctest; sourceTree = BUILT_PRODUCTS_DIR; };
		6C4DD6012C9A02CE004BB07E /* MemorizeTests.swift */ = {isa = PBXFileReference; lastKnownFileType = sourcecode.swift; path = MemorizeTests.swift; sourceTree = "<group>"; };
		6C4DD6072C9A02CE004BB07E /* MemorizeUITests.xctest */ = {isa = PBXFileReference; explicitFileType = wrapper.cfbundle; includeInIndex = 0; path = MemorizeUITests.xctest; sourceTree = BUILT_PRODUCTS_DIR; };
		6C4DD60B2C9A02CE004BB07E /* MemorizeUITests.swift */ = {isa = PBXFileReference; lastKnownFileType = sourcecode.swift; path = MemorizeUITests.swift; sourceTree = "<group>"; };
		6C4DD60D2C9A02CE004BB07E /* MemorizeUITestsLaunchTests.swift */ = {isa = PBXFileReference; lastKnownFileType = sourcecode.swift; path = MemorizeUITestsLaunchTests.swift; sourceTree = "<group>"; };
		6C6280362E008D1400E2CECF /* MemoryGame.swift */ = {isa = PBXFileReference; lastKnownFileType = sourcecode.swift; path = MemoryGame.swift; sourceTree = "<group>"; };
		6C62803A2E008FE500E2CECF /* EmojiMemoryGame.swift */ = {isa = PBXFileReference; lastKnownFileType = sourcecode.swift; path = EmojiMemoryGame.swift; sourceTree = "<group>"; };
/* End PBXFileReference section */

/* Begin PBXFrameworksBuildPhase section */
		6C4DD5EA2C9A02CD004BB07E /* Frameworks */ = {
			isa = PBXFrameworksBuildPhase;
			buildActionMask = 2147483647;
			files = (
			);
			runOnlyForDeploymentPostprocessing = 0;
		};
		6C4DD5FA2C9A02CE004BB07E /* Frameworks */ = {
			isa = PBXFrameworksBuildPhase;
			buildActionMask = 2147483647;
			files = (
			);
			runOnlyForDeploymentPostprocessing = 0;
		};
		6C4DD6042C9A02CE004BB07E /* Frameworks */ = {
			isa = PBXFrameworksBuildPhase;
			buildActionMask = 2147483647;
			files = (
			);
			runOnlyForDeploymentPostprocessing = 0;
		};
/* End PBXFrameworksBuildPhase section */

/* Begin PBXGroup section */
		6C4DD5E42C9A02CD004BB07E = {
			isa = PBXGroup;
			children = (
				6C4DD5EF2C9A02CD004BB07E /* Memorize */,
				6C4DD6002C9A02CE004BB07E /* MemorizeTests */,
				6C4DD60A2C9A02CE004BB07E /* MemorizeUITests */,
				6C4DD5EE2C9A02CD004BB07E /* Products */,
			);
			sourceTree = "<group>";
		};
		6C4DD5EE2C9A02CD004BB07E /* Products */ = {
			isa = PBXGroup;
			children = (
				6C4DD5ED2C9A02CD004BB07E /* Memorize.app */,
				6C4DD5FD2C9A02CE004BB07E /* MemorizeTests.xctest */,
				6C4DD6072C9A02CE004BB07E /* MemorizeUITests.xctest */,
			);
			name = Products;
			sourceTree = "<group>";
		};
		6C4DD5EF2C9A02CD004BB07E /* Memorize */ = {
			isa = PBXGroup;
			children = (
				6C47C24E2E0AC14E004FB651 /* AspectVGrig.swift */,
				6C4DD5F02C9A02CD004BB07E /* MemorizeApp.swift */,
				6C4DD5F22C9A02CD004BB07E /* EmojiMemoryGameView.swift */,
				6C6280362E008D1400E2CECF /* MemoryGame.swift */,
				6C62803A2E008FE500E2CECF /* EmojiMemoryGame.swift */,
				6C0FEC622E0C22E8000FC719 /* CardView.swift */,
				6C4DD5F42C9A02CE004BB07E /* Assets.xcassets */,
				6C4DD5F62C9A02CE004BB07E /* Preview Content */,
			);
			path = Memorize;
			sourceTree = "<group>";
		};
		6C4DD5F62C9A02CE004BB07E /* Preview Content */ = {
			isa = PBXGroup;
			children = (
				6C4DD5F72C9A02CE004BB07E /* Preview Assets.xcassets */,
			);
			path = "Preview Content";
			sourceTree = "<group>";
		};
		6C4DD6002C9A02CE004BB07E /* MemorizeTests */ = {
			isa = PBXGroup;
			children = (
				6C4DD6012C9A02CE004BB07E /* MemorizeTests.swift */,
			);
			path = MemorizeTests;
			sourceTree = "<group>";
		};
		6C4DD60A2C9A02CE004BB07E /* MemorizeUITests */ = {
			isa = PBXGroup;
			children = (
				6C4DD60B2C9A02CE004BB07E /* MemorizeUITests.swift */,
				6C4DD60D2C9A02CE004BB07E /* MemorizeUITestsLaunchTests.swift */,
			);
			path = MemorizeUITests;
			sourceTree = "<group>";
		};
/* End PBXGroup section */

/* Begin PBXNativeTarget section */
		6C4DD5EC2C9A02CD004BB07E /* Memorize */ = {
			isa = PBXNativeTarget;
			buildConfigurationList = 6C4DD6112C9A02CE004BB07E /* Build configuration list for PBXNativeTarget "Memorize" */;
			buildPhases = (
				6C4DD5E92C9A02CD004BB07E /* Sources */,
				6C4DD5EA2C9A02CD004BB07E /* Frameworks */,
				6C4DD5EB2C9A02CD004BB07E /* Resources */,
			);
			buildRules = (
			);
			dependencies = (
			);
			name = Memorize;
			productName = Memorize;
			productReference = 6C4DD5ED2C9A02CD004BB07E /* Memorize.app */;
			productType = "com.apple.product-type.application";
		};
		6C4DD5FC2C9A02CE004BB07E /* MemorizeTests */ = {
			isa = PBXNativeTarget;
			buildConfigurationList = 6C4DD6142C9A02CE004BB07E /* Build configuration list for PBXNativeTarget "MemorizeTests" */;
			buildPhases = (
				6C4DD5F92C9A02CE004BB07E /* Sources */,
				6C4DD5FA2C9A02CE004BB07E /* Frameworks */,
				6C4DD5FB2C9A02CE004BB07E /* Resources */,
			);
			buildRules = (
			);
			dependencies = (
				6C4DD5FF2C9A02CE004BB07E /* PBXTargetDependency */,
			);
			name = MemorizeTests;
			productName = MemorizeTests;
			productReference = 6C4DD5FD2C9A02CE004BB07E /* MemorizeTests.xctest */;
			productType = "com.apple.product-type.bundle.unit-test";
		};
		6C4DD6062C9A02CE004BB07E /* MemorizeUITests */ = {
			isa = PBXNativeTarget;
			buildConfigurationList = 6C4DD6172C9A02CE004BB07E /* Build configuration list for PBXNativeTarget "MemorizeUITests" */;
			buildPhases = (
				6C4DD6032C9A02CE004BB07E /* Sources */,
				6C4DD6042C9A02CE004BB07E /* Frameworks */,
				6C4DD6052C9A02CE004BB07E /* Resources */,
			);
			buildRules = (
			);
			dependencies = (
				6C4DD6092C9A02CE004BB07E /* PBXTargetDependency */,
			);
			name = MemorizeUITests;
			productName = MemorizeUITests;
			productReference = 6C4DD6072C9A02CE004BB07E /* MemorizeUITests.xctest */;
			productType = "com.apple.product-type.bundle.ui-testing";
		};
/* End PBXNativeTarget section */

/* Begin PBXProject section */
		6C4DD5E52C9A02CD004BB07E /* Project object */ = {
			isa = PBXProject;
			attributes = {
				BuildIndependentTargetsInParallel = 1;
				LastSwiftUpdateCheck = 1540;
				LastUpgradeCheck = 1640;
				TargetAttributes = {
					6C4DD5EC2C9A02CD004BB07E = {
						CreatedOnToolsVersion = 15.4;
					};
					6C4DD5FC2C9A02CE004BB07E = {
						CreatedOnToolsVersion = 15.4;
						TestTargetID = 6C4DD5EC2C9A02CD004BB07E;
					};
					6C4DD6062C9A02CE004BB07E = {
						CreatedOnToolsVersion = 15.4;
						TestTargetID = 6C4DD5EC2C9A02CD004BB07E;
					};
				};
			};
			buildConfigurationList = 6C4DD5E82C9A02CD004BB07E /* Build configuration list for PBXProject "Memorize" */;
			compatibilityVersion = "Xcode 14.0";
			developmentRegion = en;
			hasScannedForEncodings = 0;
			knownRegions = (
				en,
				Base,
			);
			mainGroup = 6C4DD5E42C9A02CD004BB07E;
			productRefGroup = 6C4DD5EE2C9A02CD004BB07E /* Products */;
			projectDirPath = "";
			projectRoot = "";
			targets = (
				6C4DD5EC2C9A02CD004BB07E /* Memorize */,
				6C4DD5FC2C9A02CE004BB07E /* MemorizeTests */,
				6C4DD6062C9A02CE004BB07E /* MemorizeUITests */,
			);
		};
/* End PBXProject section */

/* Begin PBXResourcesBuildPhase section */
		6C4DD5EB2C9A02CD004BB07E /* Resources */ = {
			isa = PBXResourcesBuildPhase;
			buildActionMask = 2147483647;
			files = (
				6C4DD5F82C9A02CE004BB07E /* Preview Assets.xcassets in Resources */,
				6C4DD5F52C9A02CE004BB07E /* Assets.xcassets in Resources */,
			);
			runOnlyForDeploymentPostprocessing = 0;
		};
		6C4DD5FB2C9A02CE004BB07E /* Resources */ = {
			isa = PBXResourcesBuildPhase;
			buildActionMask = 2147483647;
			files = (
			);
			runOnlyForDeploymentPostprocessing = 0;
		};
		6C4DD6052C9A02CE004BB07E /* Resources */ = {
			isa = PBXResourcesBuildPhase;
			buildActionMask = 2147483647;
			files = (
			);
			runOnlyForDeploymentPostprocessing = 0;
		};
/* End PBXResourcesBuildPhase section */

/* Begin PBXSourcesBuildPhase section */
		6C4DD5E92C9A02CD004BB07E /* Sources */ = {
			isa = PBXSourcesBuildPhase;
			buildActionMask = 2147483647;
			files = (
				6C4DD5F32C9A02CD004BB07E /* EmojiMemoryGameView.swift in Sources */,
				6C4DD5F12C9A02CD004BB07E /* MemorizeApp.swift in Sources */,
				6C6280372E008D1400E2CECF /* MemoryGame.swift in Sources */,
				6C47C24F2E0AC14E004FB651 /* AspectVGrig.swift in Sources */,
				6C0FEC642E0C22E8000FC719 /* CardView.swift in Sources */,
				6C62803B2E008FE500E2CECF /* EmojiMemoryGame.swift in Sources */,
			);
			runOnlyForDeploymentPostprocessing = 0;
		};
		6C4DD5F92C9A02CE004BB07E /* Sources */ = {
			isa = PBXSourcesBuildPhase;
			buildActionMask = 2147483647;
			files = (
				6C4DD6022C9A02CE004BB07E /* MemorizeTests.swift in Sources */,
				6C6280382E008D1400E2CECF /* MemoryGame.swift in Sources */,
				6C62803C2E008FE500E2CECF /* EmojiMemoryGame.swift in Sources */,
				6C47C2502E0AC14E004FB651 /* AspectVGrig.swift in Sources */,
				6C0FEC632E0C22E8000FC719 /* CardView.swift in Sources */,
			);
			runOnlyForDeploymentPostprocessing = 0;
		};
		6C4DD6032C9A02CE004BB07E /* Sources */ = {
			isa = PBXSourcesBuildPhase;
			buildActionMask = 2147483647;
			files = (
				6C4DD60E2C9A02CE004BB07E /* MemorizeUITestsLaunchTests.swift in Sources */,
				6C4DD60C2C9A02CE004BB07E /* MemorizeUITests.swift in Sources */,
				6C6280392E008D1400E2CECF /* MemoryGame.swift in Sources */,
				6C47C2512E0AC14E004FB651 /* AspectVGrig.swift in Sources */,
				6C0FEC652E0C22E8000FC719 /* CardView.swift in Sources */,
				6C62803D2E008FE500E2CECF /* EmojiMemoryGame.swift in Sources */,
			);
			runOnlyForDeploymentPostprocessing = 0;
		};
/* End PBXSourcesBuildPhase section */

/* Begin PBXTargetDependency section */
		6C4DD5FF2C9A02CE004BB07E /* PBXTargetDependency */ = {
			isa = PBXTargetDependency;
			target = 6C4DD5EC2C9A02CD004BB07E /* Memorize */;
			targetProxy = 6C4DD5FE2C9A02CE004BB07E /* PBXContainerItemProxy */;
		};
		6C4DD6092C9A02CE004BB07E /* PBXTargetDependency */ = {
			isa = PBXTargetDependency;
			target = 6C4DD5EC2C9A02CD004BB07E /* Memorize */;
			targetProxy = 6C4DD6082C9A02CE004BB07E /* PBXContainerItemProxy */;
		};
/* End PBXTargetDependency section */

/* Begin XCBuildConfiguration section */
		6C4DD60F2C9A02CE004BB07E /* Debug */ = {
			isa = XCBuildConfiguration;
			buildSettings = {
				ALWAYS_SEARCH_USER_PATHS = NO;
				ASSETCATALOG_COMPILER_GENERATE_SWIFT_ASSET_SYMBOL_EXTENSIONS = YES;
				CLANG_ANALYZER_NONNULL = YES;
				CLANG_ANALYZER_NUMBER_OBJECT_CONVERSION = YES_AGGRESSIVE;
				CLANG_CXX_LANGUAGE_STANDARD = "gnu++20";
				CLANG_ENABLE_MODULES = YES;
				CLANG_ENABLE_OBJC_ARC = YES;
				CLANG_ENABLE_OBJC_WEAK = YES;
				CLANG_WARN_BLOCK_CAPTURE_AUTORELEASING = YES;
				CLANG_WARN_BOOL_CONVERSION = YES;
				CLANG_WARN_COMMA = YES;
				CLANG_WARN_CONSTANT_CONVERSION = YES;
				CLANG_WARN_DEPRECATED_OBJC_IMPLEMENTATIONS = YES;
				CLANG_WARN_DIRECT_OBJC_ISA_USAGE = YES_ERROR;
				CLANG_WARN_DOCUMENTATION_COMMENTS = YES;
				CLANG_WARN_EMPTY_BODY = YES;
				CLANG_WARN_ENUM_CONVERSION = YES;
				CLANG_WARN_INFINITE_RECURSION = YES;
				CLANG_WARN_INT_CONVERSION = YES;
				CLANG_WARN_NON_LITERAL_NULL_CONVERSION = YES;
				CLANG_WARN_OBJC_IMPLICIT_RETAIN_SELF = YES;
				CLANG_WARN_OBJC_LITERAL_CONVERSION = YES;
				CLANG_WARN_OBJC_ROOT_CLASS = YES_ERROR;
				CLANG_WARN_QUOTED_INCLUDE_IN_FRAMEWORK_HEADER = YES;
				CLANG_WARN_RANGE_LOOP_ANALYSIS = YES;
				CLANG_WARN_STRICT_PROTOTYPES = YES;
				CLANG_WARN_SUSPICIOUS_MOVE = YES;
				CLANG_WARN_UNGUARDED_AVAILABILITY = YES_AGGRESSIVE;
				CLANG_WARN_UNREACHABLE_CODE = YES;
				CLANG_WARN__DUPLICATE_METHOD_MATCH = YES;
				COPY_PHASE_STRIP = NO;
				DEBUG_INFORMATION_FORMAT = dwarf;
				DEVELOPMENT_TEAM = BQMHYVQ5CW;
				ENABLE_STRICT_OBJC_MSGSEND = YES;
				ENABLE_TESTABILITY = YES;
				ENABLE_USER_SCRIPT_SANDBOXING = YES;
				GCC_C_LANGUAGE_STANDARD = gnu17;
				GCC_DYNAMIC_NO_PIC = NO;
				GCC_NO_COMMON_BLOCKS = YES;
				GCC_OPTIMIZATION_LEVEL = 0;
				GCC_PREPROCESSOR_DEFINITIONS = (
					"DEBUG=1",
					"$(inherited)",
				);
				GCC_WARN_64_TO_32_BIT_CONVERSION = YES;
				GCC_WARN_ABOUT_RETURN_TYPE = YES_ERROR;
				GCC_WARN_UNDECLARED_SELECTOR = YES;
				GCC_WARN_UNINITIALIZED_AUTOS = YES_AGGRESSIVE;
				GCC_WARN_UNUSED_FUNCTION = YES;
				GCC_WARN_UNUSED_VARIABLE = YES;
				IPHONEOS_DEPLOYMENT_TARGET = 17.5;
				LOCALIZATION_PREFERS_STRING_CATALOGS = YES;
				MTL_ENABLE_DEBUG_INFO = INCLUDE_SOURCE;
				MTL_FAST_MATH = YES;
				ONLY_ACTIVE_ARCH = YES;
				SDKROOT = iphoneos;
				SWIFT_ACTIVE_COMPILATION_CONDITIONS = "DEBUG $(inherited)";
				SWIFT_OPTIMIZATION_LEVEL = "-Onone";
			};
			name = Debug;
		};
		6C4DD6102C9A02CE004BB07E /* Release */ = {
			isa = XCBuildConfiguration;
			buildSettings = {
				ALWAYS_SEARCH_USER_PATHS = NO;
				ASSETCATALOG_COMPILER_GENERATE_SWIFT_ASSET_SYMBOL_EXTENSIONS = YES;
				CLANG_ANALYZER_NONNULL = YES;
				CLANG_ANALYZER_NUMBER_OBJECT_CONVERSION = YES_AGGRESSIVE;
				CLANG_CXX_LANGUAGE_STANDARD = "gnu++20";
				CLANG_ENABLE_MODULES = YES;
				CLANG_ENABLE_OBJC_ARC = YES;
				CLANG_ENABLE_OBJC_WEAK = YES;
				CLANG_WARN_BLOCK_CAPTURE_AUTORELEASING = YES;
				CLANG_WARN_BOOL_CONVERSION = YES;
				CLANG_WARN_COMMA = YES;
				CLANG_WARN_CONSTANT_CONVERSION = YES;
				CLANG_WARN_DEPRECATED_OBJC_IMPLEMENTATIONS = YES;
				CLANG_WARN_DIRECT_OBJC_ISA_USAGE = YES_ERROR;
				CLANG_WARN_DOCUMENTATION_COMMENTS = YES;
				CLANG_WARN_EMPTY_BODY = YES;
				CLANG_WARN_ENUM_CONVERSION = YES;
				CLANG_WARN_INFINITE_RECURSION = YES;
				CLANG_WARN_INT_CONVERSION = YES;
				CLANG_WARN_NON_LITERAL_NULL_CONVERSION = YES;
				CLANG_WARN_OBJC_IMPLICIT_RETAIN_SELF = YES;
				CLANG_WARN_OBJC_LITERAL_CONVERSION = YES;
				CLANG_WARN_OBJC_ROOT_CLASS = YES_ERROR;
				CLANG_WARN_QUOTED_INCLUDE_IN_FRAMEWORK_HEADER = YES;
				CLANG_WARN_RANGE_LOOP_ANALYSIS = YES;
				CLANG_WARN_STRICT_PROTOTYPES = YES;
				CLANG_WARN_SUSPICIOUS_MOVE = YES;
				CLANG_WARN_UNGUARDED_AVAILABILITY = YES_AGGRESSIVE;
				CLANG_WARN_UNREACHABLE_CODE = YES;
				CLANG_WARN__DUPLICATE_METHOD_MATCH = YES;
				COPY_PHASE_STRIP = NO;
				DEBUG_INFORMATION_FORMAT = "dwarf-with-dsym";
				DEVELOPMENT_TEAM = BQMHYVQ5CW;
				ENABLE_NS_ASSERTIONS = NO;
				ENABLE_STRICT_OBJC_MSGSEND = YES;
				ENABLE_USER_SCRIPT_SANDBOXING = YES;
				GCC_C_LANGUAGE_STANDARD = gnu17;
				GCC_NO_COMMON_BLOCKS = YES;
				GCC_WARN_64_TO_32_BIT_CONVERSION = YES;
				GCC_WARN_ABOUT_RETURN_TYPE = YES_ERROR;
				GCC_WARN_UNDECLARED_SELECTOR = YES;
				GCC_WARN_UNINITIALIZED_AUTOS = YES_AGGRESSIVE;
				GCC_WARN_UNUSED_FUNCTION = YES;
				GCC_WARN_UNUSED_VARIABLE = YES;
				IPHONEOS_DEPLOYMENT_TARGET = 17.5;
				LOCALIZATION_PREFERS_STRING_CATALOGS = YES;
				MTL_ENABLE_DEBUG_INFO = NO;
				MTL_FAST_MATH = YES;
				SDKROOT = iphoneos;
				SWIFT_COMPILATION_MODE = wholemodule;
				VALIDATE_PRODUCT = YES;
			};
			name = Release;
		};
		6C4DD6122C9A02CE004BB07E /* Debug */ = {
			isa = XCBuildConfiguration;
			buildSettings = {
				ASSETCATALOG_COMPILER_APPICON_NAME = AppIcon;
				ASSETCATALOG_COMPILER_GLOBAL_ACCENT_COLOR_NAME = AccentColor;
				CODE_SIGN_IDENTITY = "Apple Development";
				CODE_SIGN_STYLE = Automatic;
				CURRENT_PROJECT_VERSION = 1;
				DEVELOPMENT_ASSET_PATHS = "\"Memorize/Preview Content\"";
				ENABLE_PREVIEWS = YES;
				GENERATE_INFOPLIST_FILE = YES;
				INFOPLIST_KEY_UIApplicationSceneManifest_Generation = YES;
				INFOPLIST_KEY_UIApplicationSupportsIndirectInputEvents = YES;
				INFOPLIST_KEY_UILaunchScreen_Generation = YES;
				INFOPLIST_KEY_UISupportedInterfaceOrientations_iPad = "UIInterfaceOrientationPortrait UIInterfaceOrientationPortraitUpsideDown UIInterfaceOrientationLandscapeLeft UIInterfaceOrientationLandscapeRight";
				INFOPLIST_KEY_UISupportedInterfaceOrientations_iPhone = "UIInterfaceOrientationPortrait UIInterfaceOrientationLandscapeLeft UIInterfaceOrientationLandscapeRight";
				LD_RUNPATH_SEARCH_PATHS = (
					"$(inherited)",
					"@executable_path/Frameworks",
				);
				MARKETING_VERSION = 1.0;
				PRODUCT_BUNDLE_IDENTIFIER = kibodo.cs193p.Memorize;
				PRODUCT_NAME = "$(TARGET_NAME)";
				PROVISIONING_PROFILE_SPECIFIER = "";
				SWIFT_EMIT_LOC_STRINGS = YES;
				SWIFT_VERSION = 5.0;
				TARGETED_DEVICE_FAMILY = "1,2";
			};
			name = Debug;
		};
		6C4DD6132C9A02CE004BB07E /* Release */ = {
			isa = XCBuildConfiguration;
			buildSettings = {
				ASSETCATALOG_COMPILER_APPICON_NAME = AppIcon;
				ASSETCATALOG_COMPILER_GLOBAL_ACCENT_COLOR_NAME = AccentColor;
				CODE_SIGN_IDENTITY = "Apple Development";
				CODE_SIGN_STYLE = Automatic;
				CURRENT_PROJECT_VERSION = 1;
				DEVELOPMENT_ASSET_PATHS = "\"Memorize/Preview Content\"";
				ENABLE_PREVIEWS = YES;
				GENERATE_INFOPLIST_FILE = YES;
				INFOPLIST_KEY_UIApplicationSceneManifest_Generation = YES;
				INFOPLIST_KEY_UIApplicationSupportsIndirectInputEvents = YES;
				INFOPLIST_KEY_UILaunchScreen_Generation = YES;
				INFOPLIST_KEY_UISupportedInterfaceOrientations_iPad = "UIInterfaceOrientationPortrait UIInterfaceOrientationPortraitUpsideDown UIInterfaceOrientationLandscapeLeft UIInterfaceOrientationLandscapeRight";
				INFOPLIST_KEY_UISupportedInterfaceOrientations_iPhone = "UIInterfaceOrientationPortrait UIInterfaceOrientationLandscapeLeft UIInterfaceOrientationLandscapeRight";
				LD_RUNPATH_SEARCH_PATHS = (
					"$(inherited)",
					"@executable_path/Frameworks",
				);
				MARKETING_VERSION = 1.0;
				PRODUCT_BUNDLE_IDENTIFIER = kibodo.cs193p.Memorize;
				PRODUCT_NAME = "$(TARGET_NAME)";
				PROVISIONING_PROFILE_SPECIFIER = "";
				SWIFT_EMIT_LOC_STRINGS = YES;
				SWIFT_VERSION = 5.0;
				TARGETED_DEVICE_FAMILY = "1,2";
			};
			name = Release;
		};
		6C4DD6152C9A02CE004BB07E /* Debug */ = {
			isa = XCBuildConfiguration;
			buildSettings = {
				BUNDLE_LOADER = "$(TEST_HOST)";
				CODE_SIGN_STYLE = Automatic;
				CURRENT_PROJECT_VERSION = 1;
				GENERATE_INFOPLIST_FILE = YES;
				IPHONEOS_DEPLOYMENT_TARGET = 17.5;
				MARKETING_VERSION = 1.0;
				PRODUCT_BUNDLE_IDENTIFIER = edu.stanford.cs193p.instructor.MemorizeTests;
				PRODUCT_NAME = "$(TARGET_NAME)";
				SWIFT_EMIT_LOC_STRINGS = NO;
				SWIFT_VERSION = 5.0;
				TARGETED_DEVICE_FAMILY = "1,2";
				TEST_HOST = "$(BUILT_PRODUCTS_DIR)/Memorize.app/$(BUNDLE_EXECUTABLE_FOLDER_PATH)/Memorize";
			};
			name = Debug;
		};
		6C4DD6162C9A02CE004BB07E /* Release */ = {
			isa = XCBuildConfiguration;
			buildSettings = {
				BUNDLE_LOADER = "$(TEST_HOST)";
				CODE_SIGN_STYLE = Automatic;
				CURRENT_PROJECT_VERSION = 1;
				GENERATE_INFOPLIST_FILE = YES;
				IPHONEOS_DEPLOYMENT_TARGET = 17.5;
				MARKETING_VERSION = 1.0;
				PRODUCT_BUNDLE_IDENTIFIER = edu.stanford.cs193p.instructor.MemorizeTests;
				PRODUCT_NAME = "$(TARGET_NAME)";
				SWIFT_EMIT_LOC_STRINGS = NO;
				SWIFT_VERSION = 5.0;
				TARGETED_DEVICE_FAMILY = "1,2";
				TEST_HOST = "$(BUILT_PRODUCTS_DIR)/Memorize.app/$(BUNDLE_EXECUTABLE_FOLDER_PATH)/Memorize";
			};
			name = Release;
		};
		6C4DD6182C9A02CE004BB07E /* Debug */ = {
			isa = XCBuildConfiguration;
			buildSettings = {
				CODE_SIGN_STYLE = Automatic;
				CURRENT_PROJECT_VERSION = 1;
				GENERATE_INFOPLIST_FILE = YES;
				MARKETING_VERSION = 1.0;
				PRODUCT_BUNDLE_IDENTIFIER = edu.stanford.cs193p.instructor.MemorizeUITests;
				PRODUCT_NAME = "$(TARGET_NAME)";
				SWIFT_EMIT_LOC_STRINGS = NO;
				SWIFT_VERSION = 5.0;
				TARGETED_DEVICE_FAMILY = "1,2";
				TEST_TARGET_NAME = Memorize;
			};
			name = Debug;
		};
		6C4DD6192C9A02CE004BB07E /* Release */ = {
			isa = XCBuildConfiguration;
			buildSettings = {
				CODE_SIGN_STYLE = Automatic;
				CURRENT_PROJECT_VERSION = 1;
				GENERATE_INFOPLIST_FILE = YES;
				MARKETING_VERSION = 1.0;
				PRODUCT_BUNDLE_IDENTIFIER = edu.stanford.cs193p.instructor.MemorizeUITests;
				PRODUCT_NAME = "$(TARGET_NAME)";
				SWIFT_EMIT_LOC_STRINGS = NO;
				SWIFT_VERSION = 5.0;
				TARGETED_DEVICE_FAMILY = "1,2";
				TEST_TARGET_NAME = Memorize;
			};
			name = Release;
		};
/* End XCBuildConfiguration section */

/* Begin XCConfigurationList section */
		6C4DD5E82C9A02CD004BB07E /* Build configuration list for PBXProject "Memorize" */ = {
			isa = XCConfigurationList;
			buildConfigurations = (
				6C4DD60F2C9A02CE004BB07E /* Debug */,
				6C4DD6102C9A02CE004BB07E /* Release */,
			);
			defaultConfigurationIsVisible = 0;
			defaultConfigurationName = Release;
		};
		6C4DD6112C9A02CE004BB07E /* Build configuration list for PBXNativeTarget "Memorize" */ = {
			isa = XCConfigurationList;
			buildConfigurations = (
				6C4DD6122C9A02CE004BB07E /* Debug */,
				6C4DD6132C9A02CE004BB07E /* Release */,
			);
			defaultConfigurationIsVisible = 0;
			defaultConfigurationName = Release;
		};
		6C4DD6142C9A02CE004BB07E /* Build configuration list for PBXNativeTarget "MemorizeTests" */ = {
			isa = XCConfigurationList;
			buildConfigurations = (
				6C4DD6152C9A02CE004BB07E /* Debug */,
				6C4DD6162C9A02CE004BB07E /* Release */,
			);
			defaultConfigurationIsVisible = 0;
			defaultConfigurationName = Release;
		};
		6C4DD6172C9A02CE004BB07E /* Build configuration list for PBXNativeTarget "MemorizeUITests" */ = {
			isa = XCConfigurationList;
			buildConfigurations = (
				6C4DD6182C9A02CE004BB07E /* Debug */,
				6C4DD6192C9A02CE004BB07E /* Release */,
			);
			defaultConfigurationIsVisible = 0;
			defaultConfigurationName = Release;
		};
/* End XCConfigurationList section */
	};
	rootObject = 6C4DD5E52C9A02CD004BB07E /* Project object */;
}
